
Microsoft Visual Studio Solution File, Format Version 12.00
# Visual Studio 15
VisualStudioVersion = 15.0.27703.2018
MinimumVisualStudioVersion = 10.0.40219.1
Project("{FAE04EC0-301F-11D3-BF4B-00C04F79EFBC}") = "CSS.NET", "CSS.NET\CSS.NET.csproj", "{1C7B3D78-C53C-4820-89C5-25A22394B812}"
EndProject
Project("{FAE04EC0-301F-11D3-BF4B-00C04F79EFBC}") = "UnitTests", "UnitTests\UnitTests.csproj", "{62039D15-F5A2-4500-B67C-672B0AAE0504}"
EndProject
Project("{FAE04EC0-301F-11D3-BF4B-00C04F79EFBC}") = "WinFormsTest", "WinFormsTest\WinFormsTest.csproj", "{B6ACF748-A131-4E7B-AFA6-6475ABAC1602}"
EndProject
Project("{FAE04EC0-301F-11D3-BF4B-00C04F79EFBC}") = "WpfTest", "WpfTest\WpfTest.csproj", "{62D72EA4-5DA6-4B26-B782-6B465908FB50}"
EndProject
Global
	GlobalSection(SolutionConfigurationPlatforms) = preSolution
		Debug|Any CPU = Debug|Any CPU
		Release|Any CPU = Release|Any CPU
	EndGlobalSection
	GlobalSection(ProjectConfigurationPlatforms) = postSolution
		{1C7B3D78-C53C-4820-89C5-25A22394B812}.Debug|Any CPU.ActiveCfg = Debug|Any CPU
		{1C7B3D78-C53C-4820-89C5-25A22394B812}.Debug|Any CPU.Build.0 = Debug|Any CPU
		{1C7B3D78-C53C-4820-89C5-25A22394B812}.Release|Any CPU.ActiveCfg = Release|Any CPU
		{1C7B3D78-C53C-4820-89C5-25A22394B812}.Release|Any CPU.Build.0 = Release|Any CPU
		{62039D15-F5A2-4500-B67C-672B0AAE0504}.Debug|Any CPU.ActiveCfg = Debug|Any CPU
		{62039D15-F5A2-4500-B67C-672B0AAE0504}.Debug|Any CPU.Build.0 = Debug|Any CPU
		{62039D15-F5A2-4500-B67C-672B0AAE0504}.Release|Any CPU.ActiveCfg = Release|Any CPU
		{62039D15-F5A2-4500-B67C-672B0AAE0504}.Release|Any CPU.Build.0 = Release|Any CPU
		{B6ACF748-A131-4E7B-AFA6-6475ABAC1602}.Debug|Any CPU.ActiveCfg = Debug|Any CPU
		{B6ACF748-A131-4E7B-AFA6-6475ABAC1602}.Debug|Any CPU.Build.0 = Debug|Any CPU
		{B6ACF748-A131-4E7B-AFA6-6475ABAC1602}.Release|Any CPU.ActiveCfg = Release|Any CPU
		{B6ACF748-A131-4E7B-AFA6-6475ABAC1602}.Release|Any CPU.Build.0 = Release|Any CPU
		{62D72EA4-5DA6-4B26-B782-6B465908FB50}.Debug|Any CPU.ActiveCfg = Debug|Any CPU
		{62D72EA4-5DA6-4B26-B782-6B465908FB50}.Debug|Any CPU.Build.0 = Debug|Any CPU
		{62D72EA4-5DA6-4B26-B782-6B465908FB50}.Release|Any CPU.ActiveCfg = Release|Any CPU
		{62D72EA4-5DA6-4B26-B782-6B465908FB50}.Release|Any CPU.Build.0 = Release|Any CPU
	EndGlobalSection
	GlobalSection(SolutionProperties) = preSolution
		HideSolutionNode = FALSE
	EndGlobalSection
	GlobalSection(ExtensibilityGlobals) = postSolution
		SolutionGuid = {FD04F8FE-AB30-40AE-B860-B9A97379EC2F}
	EndGlobalSection
EndGlobal
