
Microsoft Visual Studio Solution File, Format Version 12.00
# Visual Studio 15
VisualStudioVersion = 15.0.27703.2018
MinimumVisualStudioVersion = 10.0.40219.1
Project("{FAE04EC0-301F-11D3-BF4B-00C04F79EFBC}") = "CSS.NET", "CSS.NET\CSS.NET.csproj", "{8611AA0A-037E-42F9-88B2-02C2683C7E63}"
EndProject
Global
	GlobalSection(SolutionConfigurationPlatforms) = preSolution
		Debug|Any CPU = Debug|Any CPU
		Release|Any CPU = Release|Any CPU
	EndGlobalSection
	GlobalSection(ProjectConfigurationPlatforms) = postSolution
		{8611AA0A-037E-42F9-88B2-02C2683C7E63}.Debug|Any CPU.ActiveCfg = Debug|Any CPU
		{8611AA0A-037E-42F9-88B2-02C2683C7E63}.Debug|Any CPU.Build.0 = Debug|Any CPU
		{8611AA0A-037E-42F9-88B2-02C2683C7E63}.Release|Any CPU.ActiveCfg = Release|Any CPU
		{8611AA0A-037E-42F9-88B2-02C2683C7E63}.Release|Any CPU.Build.0 = Release|Any CPU
	EndGlobalSection
	GlobalSection(SolutionProperties) = preSolution
		HideSolutionNode = FALSE
	EndGlobalSection
	GlobalSection(ExtensibilityGlobals) = postSolution
		SolutionGuid = {FD04F8FE-AB30-40AE-B860-B9A97379EC2F}
	EndGlobalSection
EndGlobal
